// !$*UTF8*$!
{
	archiveVersion = 1;
	classes = {
	};
	objectVersion = 56;
	objects = {

/* Begin PBXBuildFile section */
		BD2DFBA62BE7662B004BCB28 /* WeSplitApp.swift in Sources */ = {isa = PBXBuildFile; fileRef = BD2DFBA52BE7662B004BCB28 /* WeSplitApp.swift */; };
		BD2DFBA82BE7662B004BCB28 /* ContentView.swift in Sources */ = {isa = PBXBuildFile; fileRef = BD2DFBA72BE7662B004BCB28 /* ContentView.swift */; };
		BD2DFBAA2BE7662C004BCB28 /* Assets.xcassets in Resources */ = {isa = PBXBuildFile; fileRef = BD2DFBA92BE7662C004BCB28 /* Assets.xcassets */; };
		BD2DFBAD2BE7662C004BCB28 /* Preview Assets.xcassets in Resources */ = {isa = PBXBuildFile; fileRef = BD2DFBAC2BE7662C004BCB28 /* Preview Assets.xcassets */; };
		BD2DFBB72BE7662C004BCB28 /* WeSplitTests.swift in Sources */ = {isa = PBXBuildFile; fileRef = BD2DFBB62BE7662C004BCB28 /* WeSplitTests.swift */; };
		BD2DFBC12BE7662C004BCB28 /* WeSplitUITests.swift in Sources */ = {isa = PBXBuildFile; fileRef = BD2DFBC02BE7662C004BCB28 /* WeSplitUITests.swift */; };
		BD2DFBC32BE7662C004BCB28 /* WeSplitUITestsLaunchTests.swift in Sources */ = {isa = PBXBuildFile; fileRef = BD2DFBC22BE7662C004BCB28 /* WeSplitUITestsLaunchTests.swift */; };
/* End PBXBuildFile section */

/* Begin PBXContainerItemProxy section */
		BD2DFBB32BE7662C004BCB28 /* PBXContainerItemProxy */ = {
			isa = PBXContainerItemProxy;
			containerPortal = BD2DFB9A2BE7662B004BCB28 /* Project object */;
			proxyType = 1;
			remoteGlobalIDString = BD2DFBA12BE7662B004BCB28;
			remoteInfo = WeSplit;
		};
		BD2DFBBD2BE7662C004BCB28 /* PBXContainerItemProxy */ = {
			isa = PBXContainerItemProxy;
			containerPortal = BD2DFB9A2BE7662B004BCB28 /* Project object */;
			proxyType = 1;
			remoteGlobalIDString = BD2DFBA12BE7662B004BCB28;
			remoteInfo = WeSplit;
		};
/* End PBXContainerItemProxy section */

/* Begin PBXFileReference section */
		BD2DFBA22BE7662B004BCB28 /* WeSplit.app */ = {isa = PBXFileReference; explicitFileType = wrapper.application; includeInIndex = 0; path = WeSplit.app; sourceTree = BUILT_PRODUCTS_DIR; };
		BD2DFBA52BE7662B004BCB28 /* WeSplitApp.swift */ = {isa = PBXFileReference; lastKnownFileType = sourcecode.swift; path = WeSplitApp.swift; sourceTree = "<group>"; };
		BD2DFBA72BE7662B004BCB28 /* ContentView.swift */ = {isa = PBXFileReference; lastKnownFileType = sourcecode.swift; path = ContentView.swift; sourceTree = "<group>"; };
		BD2DFBA92BE7662C004BCB28 /* Assets.xcassets */ = {isa = PBXFileReference; lastKnownFileType = folder.assetcatalog; path = Assets.xcassets; sourceTree = "<group>"; };
		BD2DFBAC2BE7662C004BCB28 /* Preview Assets.xcassets */ = {isa = PBXFileReference; lastKnownFileType = folder.assetcatalog; path = "Preview Assets.xcassets"; sourceTree = "<group>"; };
		BD2DFBB22BE7662C004BCB28 /* WeSplitTests.xctest */ = {isa = PBXFileReference; explicitFileType = wrapper.cfbundle; includeInIndex = 0; path = WeSplitTests.xctest; sourceTree = BUILT_PRODUCTS_DIR; };
		BD2DFBB62BE7662C004BCB28 /* WeSplitTests.swift */ = {isa = PBXFileReference; lastKnownFileType = sourcecode.swift; path = WeSplitTests.swift; sourceTree = "<group>"; };
		BD2DFBBC2BE7662C004BCB28 /* WeSplitUITests.xctest */ = {isa = PBXFileReference; explicitFileType = wrapper.cfbundle; includeInIndex = 0; path = WeSplitUITests.xctest; sourceTree = BUILT_PRODUCTS_DIR; };
		BD2DFBC02BE7662C004BCB28 /* WeSplitUITests.swift */ = {isa = PBXFileReference; lastKnownFileType = sourcecode.swift; path = WeSplitUITests.swift; sourceTree = "<group>"; };
		BD2DFBC22BE7662C004BCB28 /* WeSplitUITestsLaunchTests.swift */ = {isa = PBXFileReference; lastKnownFileType = sourcecode.swift; path = WeSplitUITestsLaunchTests.swift; sourceTree = "<group>"; };
/* End PBXFileReference section */

/* Begin PBXFrameworksBuildPhase section */
		BD2DFB9F2BE7662B004BCB28 /* Frameworks */ = {
			isa = PBXFrameworksBuildPhase;
			buildActionMask = 2147483647;
			files = (
			);
			runOnlyForDeploymentPostprocessing = 0;
		};
		BD2DFBAF2BE7662C004BCB28 /* Frameworks */ = {
			isa = PBXFrameworksBuildPhase;
			buildActionMask = 2147483647;
			files = (
			);
			runOnlyForDeploymentPostprocessing = 0;
		};
		BD2DFBB92BE7662C004BCB28 /* Frameworks */ = {
			isa = PBXFrameworksBuildPhase;
			buildActionMask = 2147483647;
			files = (
			);
			runOnlyForDeploymentPostprocessing = 0;
		};
/* End PBXFrameworksBuildPhase section */

/* Begin PBXGroup section */
		BD2DFB992BE7662B004BCB28 = {
			isa = PBXGroup;
			children = (
				BD2DFBA42BE7662B004BCB28 /* WeSplit */,
				BD2DFBB52BE7662C004BCB28 /* WeSplitTests */,
				BD2DFBBF2BE7662C004BCB28 /* WeSplitUITests */,
				BD2DFBA32BE7662B004BCB28 /* Products */,
			);
			sourceTree = "<group>";
		};
		BD2DFBA32BE7662B004BCB28 /* Products */ = {
			isa = PBXGroup;
			children = (
				BD2DFBA22BE7662B004BCB28 /* WeSplit.app */,
				BD2DFBB22BE7662C004BCB28 /* WeSplitTests.xctest */,
				BD2DFBBC2BE7662C004BCB28 /* WeSplitUITests.xctest */,
			);
			name = Products;
			sourceTree = "<group>";
		};
		BD2DFBA42BE7662B004BCB28 /* WeSplit */ = {
			isa = PBXGroup;
			children = (
				BD2DFBA52BE7662B004BCB28 /* WeSplitApp.swift */,
				BD2DFBA72BE7662B004BCB28 /* ContentView.swift */,
				BD2DFBA92BE7662C004BCB28 /* Assets.xcassets */,
				BD2DFBAB2BE7662C004BCB28 /* Preview Content */,
			);
			path = WeSplit;
			sourceTree = "<group>";
		};
		BD2DFBAB2BE7662C004BCB28 /* Preview Content */ = {
			isa = PBXGroup;
			children = (
				BD2DFBAC2BE7662C004BCB28 /* Preview Assets.xcassets */,
			);
			path = "Preview Content";
			sourceTree = "<group>";
		};
		BD2DFBB52BE7662C004BCB28 /* WeSplitTests */ = {
			isa = PBXGroup;
			children = (
				BD2DFBB62BE7662C004BCB28 /* WeSplitTests.swift */,
			);
			path = WeSplitTests;
			sourceTree = "<group>";
		};
		BD2DFBBF2BE7662C004BCB28 /* WeSplitUITests */ = {
			isa = PBXGroup;
			children = (
				BD2DFBC02BE7662C004BCB28 /* WeSplitUITests.swift */,
				BD2DFBC22BE7662C004BCB28 /* WeSplitUITestsLaunchTests.swift */,
			);
			path = WeSplitUITests;
			sourceTree = "<group>";
		};
/* End PBXGroup section */

/* Begin PBXNativeTarget section */
		BD2DFBA12BE7662B004BCB28 /* WeSplit */ = {
			isa = PBXNativeTarget;
			buildConfigurationList = BD2DFBC62BE7662C004BCB28 /* Build configuration list for PBXNativeTarget "WeSplit" */;
			buildPhases = (
				BD2DFB9E2BE7662B004BCB28 /* Sources */,
				BD2DFB9F2BE7662B004BCB28 /* Frameworks */,
				BD2DFBA02BE7662B004BCB28 /* Resources */,
			);
			buildRules = (
			);
			dependencies = (
			);
			name = WeSplit;
			productName = WeSplit;
			productReference = BD2DFBA22BE7662B004BCB28 /* WeSplit.app */;
			productType = "com.apple.product-type.application";
		};
		BD2DFBB12BE7662C004BCB28 /* WeSplitTests */ = {
			isa = PBXNativeTarget;
			buildConfigurationList = BD2DFBC92BE7662C004BCB28 /* Build configuration list for PBXNativeTarget "WeSplitTests" */;
			buildPhases = (
				BD2DFBAE2BE7662C004BCB28 /* Sources */,
				BD2DFBAF2BE7662C004BCB28 /* Frameworks */,
				BD2DFBB02BE7662C004BCB28 /* Resources */,
			);
			buildRules = (
			);
			dependencies = (
				BD2DFBB42BE7662C004BCB28 /* PBXTargetDependency */,
			);
			name = WeSplitTests;
			productName = WeSplitTests;
			productReference = BD2DFBB22BE7662C004BCB28 /* WeSplitTests.xctest */;
			productType = "com.apple.product-type.bundle.unit-test";
		};
		BD2DFBBB2BE7662C004BCB28 /* WeSplitUITests */ = {
			isa = PBXNativeTarget;
			buildConfigurationList = BD2DFBCC2BE7662C004BCB28 /* Build configuration list for PBXNativeTarget "WeSplitUITests" */;
			buildPhases = (
				BD2DFBB82BE7662C004BCB28 /* Sources */,
				BD2DFBB92BE7662C004BCB28 /* Frameworks */,
				BD2DFBBA2BE7662C004BCB28 /* Resources */,
			);
			buildRules = (
			);
			dependencies = (
				BD2DFBBE2BE7662C004BCB28 /* PBXTargetDependency */,
			);
			name = WeSplitUITests;
			productName = WeSplitUITests;
			productReference = BD2DFBBC2BE7662C004BCB28 /* WeSplitUITests.xctest */;
			productType = "com.apple.product-type.bundle.ui-testing";
		};
/* End PBXNativeTarget section */

/* Begin PBXProject section */
		BD2DFB9A2BE7662B004BCB28 /* Project object */ = {
			isa = PBXProject;
			attributes = {
				BuildIndependentTargetsInParallel = 1;
				LastSwiftUpdateCheck = 1530;
				LastUpgradeCheck = 1530;
				TargetAttributes = {
					BD2DFBA12BE7662B004BCB28 = {
						CreatedOnToolsVersion = 15.3;
					};
					BD2DFBB12BE7662C004BCB28 = {
						CreatedOnToolsVersion = 15.3;
						TestTargetID = BD2DFBA12BE7662B004BCB28;
					};
					BD2DFBBB2BE7662C004BCB28 = {
						CreatedOnToolsVersion = 15.3;
						TestTargetID = BD2DFBA12BE7662B004BCB28;
					};
				};
			};
			buildConfigurationList = BD2DFB9D2BE7662B004BCB28 /* Build configuration list for PBXProject "WeSplit" */;
			compatibilityVersion = "Xcode 14.0";
			developmentRegion = en;
			hasScannedForEncodings = 0;
			knownRegions = (
				en,
				Base,
			);
			mainGroup = BD2DFB992BE7662B004BCB28;
			productRefGroup = BD2DFBA32BE7662B004BCB28 /* Products */;
			projectDirPath = "";
			projectRoot = "";
			targets = (
				BD2DFBA12BE7662B004BCB28 /* WeSplit */,
				BD2DFBB12BE7662C004BCB28 /* WeSplitTests */,
				BD2DFBBB2BE7662C004BCB28 /* WeSplitUITests */,
			);
		};
/* End PBXProject section */

/* Begin PBXResourcesBuildPhase section */
		BD2DFBA02BE7662B004BCB28 /* Resources */ = {
			isa = PBXResourcesBuildPhase;
			buildActionMask = 2147483647;
			files = (
				BD2DFBAD2BE7662C004BCB28 /* Preview Assets.xcassets in Resources */,
				BD2DFBAA2BE7662C004BCB28 /* Assets.xcassets in Resources */,
			);
			runOnlyForDeploymentPostprocessing = 0;
		};
		BD2DFBB02BE7662C004BCB28 /* Resources */ = {
			isa = PBXResourcesBuildPhase;
			buildActionMask = 2147483647;
			files = (
			);
			runOnlyForDeploymentPostprocessing = 0;
		};
		BD2DFBBA2BE7662C004BCB28 /* Resources */ = {
			isa = PBXResourcesBuildPhase;
			buildActionMask = 2147483647;
			files = (
			);
			runOnlyForDeploymentPostprocessing = 0;
		};
/* End PBXResourcesBuildPhase section */

/* Begin PBXSourcesBuildPhase section */
		BD2DFB9E2BE7662B004BCB28 /* Sources */ = {
			isa = PBXSourcesBuildPhase;
			buildActionMask = 2147483647;
			files = (
				BD2DFBA82BE7662B004BCB28 /* ContentView.swift in Sources */,
				BD2DFBA62BE7662B004BCB28 /* WeSplitApp.swift in Sources */,
			);
			runOnlyForDeploymentPostprocessing = 0;
		};
		BD2DFBAE2BE7662C004BCB28 /* Sources */ = {
			isa = PBXSourcesBuildPhase;
			buildActionMask = 2147483647;
			files = (
				BD2DFBB72BE7662C004BCB28 /* WeSplitTests.swift in Sources */,
			);
			runOnlyForDeploymentPostprocessing = 0;
		};
		BD2DFBB82BE7662C004BCB28 /* Sources */ = {
			isa = PBXSourcesBuildPhase;
			buildActionMask = 2147483647;
			files = (
				BD2DFBC12BE7662C004BCB28 /* WeSplitUITests.swift in Sources */,
				BD2DFBC32BE7662C004BCB28 /* WeSplitUITestsLaunchTests.swift in Sources */,
			);
			runOnlyForDeploymentPostprocessing = 0;
		};
/* End PBXSourcesBuildPhase section */

/* Begin PBXTargetDependency section */
		BD2DFBB42BE7662C004BCB28 /* PBXTargetDependency */ = {
			isa = PBXTargetDependency;
			target = BD2DFBA12BE7662B004BCB28 /* WeSplit */;
			targetProxy = BD2DFBB32BE7662C004BCB28 /* PBXContainerItemProxy */;
		};
		BD2DFBBE2BE7662C004BCB28 /* PBXTargetDependency */ = {
			isa = PBXTargetDependency;
			target = BD2DFBA12BE7662B004BCB28 /* WeSplit */;
			targetProxy = BD2DFBBD2BE7662C004BCB28 /* PBXContainerItemProxy */;
		};
/* End PBXTargetDependency section */

/* Begin XCBuildConfiguration section */
		BD2DFBC42BE7662C004BCB28 /* Debug */ = {
			isa = XCBuildConfiguration;
			buildSettings = {
				ALWAYS_SEARCH_USER_PATHS = NO;
				ASSETCATALOG_COMPILER_GENERATE_SWIFT_ASSET_SYMBOL_EXTENSIONS = YES;
				CLANG_ANALYZER_NONNULL = YES;
				CLANG_ANALYZER_NUMBER_OBJECT_CONVERSION = YES_AGGRESSIVE;
				CLANG_CXX_LANGUAGE_STANDARD = "gnu++20";
				CLANG_ENABLE_MODULES = YES;
				CLANG_ENABLE_OBJC_ARC = YES;
				CLANG_ENABLE_OBJC_WEAK = YES;
				CLANG_WARN_BLOCK_CAPTURE_AUTORELEASING = YES;
				CLANG_WARN_BOOL_CONVERSION = YES;
				CLANG_WARN_COMMA = YES;
				CLANG_WARN_CONSTANT_CONVERSION = YES;
				CLANG_WARN_DEPRECATED_OBJC_IMPLEMENTATIONS = YES;
				CLANG_WARN_DIRECT_OBJC_ISA_USAGE = YES_ERROR;
				CLANG_WARN_DOCUMENTATION_COMMENTS = YES;
				CLANG_WARN_EMPTY_BODY = YES;
				CLANG_WARN_ENUM_CONVERSION = YES;
				CLANG_WARN_INFINITE_RECURSION = YES;
				CLANG_WARN_INT_CONVERSION = YES;
				CLANG_WARN_NON_LITERAL_NULL_CONVERSION = YES;
				CLANG_WARN_OBJC_IMPLICIT_RETAIN_SELF = YES;
				CLANG_WARN_OBJC_LITERAL_CONVERSION = YES;
				CLANG_WARN_OBJC_ROOT_CLASS = YES_ERROR;
				CLANG_WARN_QUOTED_INCLUDE_IN_FRAMEWORK_HEADER = YES;
				CLANG_WARN_RANGE_LOOP_ANALYSIS = YES;
				CLANG_WARN_STRICT_PROTOTYPES = YES;
				CLANG_WARN_SUSPICIOUS_MOVE = YES;
				CLANG_WARN_UNGUARDED_AVAILABILITY = YES_AGGRESSIVE;
				CLANG_WARN_UNREACHABLE_CODE = YES;
				CLANG_WARN__DUPLICATE_METHOD_MATCH = YES;
				COPY_PHASE_STRIP = NO;
				DEBUG_INFORMATION_FORMAT = dwarf;
				ENABLE_STRICT_OBJC_MSGSEND = YES;
				ENABLE_TESTABILITY = YES;
				ENABLE_USER_SCRIPT_SANDBOXING = YES;
				GCC_C_LANGUAGE_STANDARD = gnu17;
				GCC_DYNAMIC_NO_PIC = NO;
				GCC_NO_COMMON_BLOCKS = YES;
				GCC_OPTIMIZATION_LEVEL = 0;
				GCC_PREPROCESSOR_DEFINITIONS = (
					"DEBUG=1",
					"$(inherited)",
				);
				GCC_WARN_64_TO_32_BIT_CONVERSION = YES;
				GCC_WARN_ABOUT_RETURN_TYPE = YES_ERROR;
				GCC_WARN_UNDECLARED_SELECTOR = YES;
				GCC_WARN_UNINITIALIZED_AUTOS = YES_AGGRESSIVE;
				GCC_WARN_UNUSED_FUNCTION = YES;
				GCC_WARN_UNUSED_VARIABLE = YES;
				IPHONEOS_DEPLOYMENT_TARGET = 17.4;
				LOCALIZATION_PREFERS_STRING_CATALOGS = YES;
				MTL_ENABLE_DEBUG_INFO = INCLUDE_SOURCE;
				MTL_FAST_MATH = YES;
				ONLY_ACTIVE_ARCH = YES;
				SDKROOT = iphoneos;
				SWIFT_ACTIVE_COMPILATION_CONDITIONS = "DEBUG $(inherited)";
				SWIFT_OPTIMIZATION_LEVEL = "-Onone";
			};
			name = Debug;
		};
		BD2DFBC52BE7662C004BCB28 /* Release */ = {
			isa = XCBuildConfiguration;
			buildSettings = {
				ALWAYS_SEARCH_USER_PATHS = NO;
				ASSETCATALOG_COMPILER_GENERATE_SWIFT_ASSET_SYMBOL_EXTENSIONS = YES;
				CLANG_ANALYZER_NONNULL = YES;
				CLANG_ANALYZER_NUMBER_OBJECT_CONVERSION = YES_AGGRESSIVE;
				CLANG_CXX_LANGUAGE_STANDARD = "gnu++20";
				CLANG_ENABLE_MODULES = YES;
				CLANG_ENABLE_OBJC_ARC = YES;
				CLANG_ENABLE_OBJC_WEAK = YES;
				CLANG_WARN_BLOCK_CAPTURE_AUTORELEASING = YES;
				CLANG_WARN_BOOL_CONVERSION = YES;
				CLANG_WARN_COMMA = YES;
				CLANG_WARN_CONSTANT_CONVERSION = YES;
				CLANG_WARN_DEPRECATED_OBJC_IMPLEMENTATIONS = YES;
				CLANG_WARN_DIRECT_OBJC_ISA_USAGE = YES_ERROR;
				CLANG_WARN_DOCUMENTATION_COMMENTS = YES;
				CLANG_WARN_EMPTY_BODY = YES;
				CLANG_WARN_ENUM_CONVERSION = YES;
				CLANG_WARN_INFINITE_RECURSION = YES;
				CLANG_WARN_INT_CONVERSION = YES;
				CLANG_WARN_NON_LITERAL_NULL_CONVERSION = YES;
				CLANG_WARN_OBJC_IMPLICIT_RETAIN_SELF = YES;
				CLANG_WARN_OBJC_LITERAL_CONVERSION = YES;
				CLANG_WARN_OBJC_ROOT_CLASS = YES_ERROR;
				CLANG_WARN_QUOTED_INCLUDE_IN_FRAMEWORK_HEADER = YES;
				CLANG_WARN_RANGE_LOOP_ANALYSIS = YES;
				CLANG_WARN_STRICT_PROTOTYPES = YES;
				CLANG_WARN_SUSPICIOUS_MOVE = YES;
				CLANG_WARN_UNGUARDED_AVAILABILITY = YES_AGGRESSIVE;
				CLANG_WARN_UNREACHABLE_CODE = YES;
				CLANG_WARN__DUPLICATE_METHOD_MATCH = YES;
				COPY_PHASE_STRIP = NO;
				DEBUG_INFORMATION_FORMAT = "dwarf-with-dsym";
				ENABLE_NS_ASSERTIONS = NO;
				ENABLE_STRICT_OBJC_MSGSEND = YES;
				ENABLE_USER_SCRIPT_SANDBOXING = YES;
				GCC_C_LANGUAGE_STANDARD = gnu17;
				GCC_NO_COMMON_BLOCKS = YES;
				GCC_WARN_64_TO_32_BIT_CONVERSION = YES;
				GCC_WARN_ABOUT_RETURN_TYPE = YES_ERROR;
				GCC_WARN_UNDECLARED_SELECTOR = YES;
				GCC_WARN_UNINITIALIZED_AUTOS = YES_AGGRESSIVE;
				GCC_WARN_UNUSED_FUNCTION = YES;
				GCC_WARN_UNUSED_VARIABLE = YES;
				IPHONEOS_DEPLOYMENT_TARGET = 17.4;
				LOCALIZATION_PREFERS_STRING_CATALOGS = YES;
				MTL_ENABLE_DEBUG_INFO = NO;
				MTL_FAST_MATH = YES;
				SDKROOT = iphoneos;
				SWIFT_COMPILATION_MODE = wholemodule;
				VALIDATE_PRODUCT = YES;
			};
			name = Release;
		};
		BD2DFBC72BE7662C004BCB28 /* Debug */ = {
			isa = XCBuildConfiguration;
			buildSettings = {
				ASSETCATALOG_COMPILER_APPICON_NAME = AppIcon;
				ASSETCATALOG_COMPILER_GLOBAL_ACCENT_COLOR_NAME = AccentColor;
				CODE_SIGN_STYLE = Automatic;
				CURRENT_PROJECT_VERSION = 1;
				DEVELOPMENT_ASSET_PATHS = "\"WeSplit/Preview Content\"";
				ENABLE_PREVIEWS = YES;
				GENERATE_INFOPLIST_FILE = YES;
				INFOPLIST_KEY_UIApplicationSceneManifest_Generation = YES;
				INFOPLIST_KEY_UIApplicationSupportsIndirectInputEvents = YES;
				INFOPLIST_KEY_UILaunchScreen_Generation = YES;
				INFOPLIST_KEY_UISupportedInterfaceOrientations_iPad = "UIInterfaceOrientationPortrait UIInterfaceOrientationPortraitUpsideDown UIInterfaceOrientationLandscapeLeft UIInterfaceOrientationLandscapeRight";
				INFOPLIST_KEY_UISupportedInterfaceOrientations_iPhone = "UIInterfaceOrientationPortrait UIInterfaceOrientationLandscapeLeft UIInterfaceOrientationLandscapeRight";
				LD_RUNPATH_SEARCH_PATHS = (
					"$(inherited)",
					"@executable_path/Frameworks",
				);
				MARKETING_VERSION = 1.0;
				PRODUCT_BUNDLE_IDENTIFIER = com.HS.WeSplit;
				PRODUCT_NAME = "$(TARGET_NAME)";
				SWIFT_EMIT_LOC_STRINGS = YES;
				SWIFT_VERSION = 5.0;
				TARGETED_DEVICE_FAMILY = "1,2";
			};
			name = Debug;
		};
		BD2DFBC82BE7662C004BCB28 /* Release */ = {
			isa = XCBuildConfiguration;
			buildSettings = {
				ASSETCATALOG_COMPILER_APPICON_NAME = AppIcon;
				ASSETCATALOG_COMPILER_GLOBAL_ACCENT_COLOR_NAME = AccentColor;
				CODE_SIGN_STYLE = Automatic;
				CURRENT_PROJECT_VERSION = 1;
				DEVELOPMENT_ASSET_PATHS = "\"WeSplit/Preview Content\"";
				ENABLE_PREVIEWS = YES;
				GENERATE_INFOPLIST_FILE = YES;
				INFOPLIST_KEY_UIApplicationSceneManifest_Generation = YES;
				INFOPLIST_KEY_UIApplicationSupportsIndirectInputEvents = YES;
				INFOPLIST_KEY_UILaunchScreen_Generation = YES;
				INFOPLIST_KEY_UISupportedInterfaceOrientations_iPad = "UIInterfaceOrientationPortrait UIInterfaceOrientationPortraitUpsideDown UIInterfaceOrientationLandscapeLeft UIInterfaceOrientationLandscapeRight";
				INFOPLIST_KEY_UISupportedInterfaceOrientations_iPhone = "UIInterfaceOrientationPortrait UIInterfaceOrientationLandscapeLeft UIInterfaceOrientationLandscapeRight";
				LD_RUNPATH_SEARCH_PATHS = (
					"$(inherited)",
					"@executable_path/Frameworks",
				);
				MARKETING_VERSION = 1.0;
				PRODUCT_BUNDLE_IDENTIFIER = com.HS.WeSplit;
				PRODUCT_NAME = "$(TARGET_NAME)";
				SWIFT_EMIT_LOC_STRINGS = YES;
				SWIFT_VERSION = 5.0;
				TARGETED_DEVICE_FAMILY = "1,2";
			};
			name = Release;
		};
		BD2DFBCA2BE7662C004BCB28 /* Debug */ = {
			isa = XCBuildConfiguration;
			buildSettings = {
				ALWAYS_EMBED_SWIFT_STANDARD_LIBRARIES = YES;
				BUNDLE_LOADER = "$(TEST_HOST)";
				CODE_SIGN_STYLE = Automatic;
				CURRENT_PROJECT_VERSION = 1;
				GENERATE_INFOPLIST_FILE = YES;
				IPHONEOS_DEPLOYMENT_TARGET = 17.4;
				MARKETING_VERSION = 1.0;
				PRODUCT_BUNDLE_IDENTIFIER = com.HS.WeSplitTests;
				PRODUCT_NAME = "$(TARGET_NAME)";
				SWIFT_EMIT_LOC_STRINGS = NO;
				SWIFT_VERSION = 5.0;
				TARGETED_DEVICE_FAMILY = "1,2";
				TEST_HOST = "$(BUILT_PRODUCTS_DIR)/WeSplit.app/$(BUNDLE_EXECUTABLE_FOLDER_PATH)/WeSplit";
			};
			name = Debug;
		};
		BD2DFBCB2BE7662C004BCB28 /* Release */ = {
			isa = XCBuildConfiguration;
			buildSettings = {
				ALWAYS_EMBED_SWIFT_STANDARD_LIBRARIES = YES;
				BUNDLE_LOADER = "$(TEST_HOST)";
				CODE_SIGN_STYLE = Automatic;
				CURRENT_PROJECT_VERSION = 1;
				GENERATE_INFOPLIST_FILE = YES;
				IPHONEOS_DEPLOYMENT_TARGET = 17.4;
				MARKETING_VERSION = 1.0;
				PRODUCT_BUNDLE_IDENTIFIER = com.HS.WeSplitTests;
				PRODUCT_NAME = "$(TARGET_NAME)";
				SWIFT_EMIT_LOC_STRINGS = NO;
				SWIFT_VERSION = 5.0;
				TARGETED_DEVICE_FAMILY = "1,2";
				TEST_HOST = "$(BUILT_PRODUCTS_DIR)/WeSplit.app/$(BUNDLE_EXECUTABLE_FOLDER_PATH)/WeSplit";
			};
			name = Release;
		};
		BD2DFBCD2BE7662C004BCB28 /* Debug */ = {
			isa = XCBuildConfiguration;
			buildSettings = {
				ALWAYS_EMBED_SWIFT_STANDARD_LIBRARIES = YES;
				CODE_SIGN_STYLE = Automatic;
				CURRENT_PROJECT_VERSION = 1;
				GENERATE_INFOPLIST_FILE = YES;
				MARKETING_VERSION = 1.0;
				PRODUCT_BUNDLE_IDENTIFIER = com.HS.WeSplitUITests;
				PRODUCT_NAME = "$(TARGET_NAME)";
				SWIFT_EMIT_LOC_STRINGS = NO;
				SWIFT_VERSION = 5.0;
				TARGETED_DEVICE_FAMILY = "1,2";
				TEST_TARGET_NAME = WeSplit;
			};
			name = Debug;
		};
		BD2DFBCE2BE7662C004BCB28 /* Release */ = {
			isa = XCBuildConfiguration;
			buildSettings = {
				ALWAYS_EMBED_SWIFT_STANDARD_LIBRARIES = YES;
				CODE_SIGN_STYLE = Automatic;
				CURRENT_PROJECT_VERSION = 1;
				GENERATE_INFOPLIST_FILE = YES;
				MARKETING_VERSION = 1.0;
				PRODUCT_BUNDLE_IDENTIFIER = com.HS.WeSplitUITests;
				PRODUCT_NAME = "$(TARGET_NAME)";
				SWIFT_EMIT_LOC_STRINGS = NO;
				SWIFT_VERSION = 5.0;
				TARGETED_DEVICE_FAMILY = "1,2";
				TEST_TARGET_NAME = WeSplit;
			};
			name = Release;
		};
/* End XCBuildConfiguration section */

/* Begin XCConfigurationList section */
		BD2DFB9D2BE7662B004BCB28 /* Build configuration list for PBXProject "WeSplit" */ = {
			isa = XCConfigurationList;
			buildConfigurations = (
				BD2DFBC42BE7662C004BCB28 /* Debug */,
				BD2DFBC52BE7662C004BCB28 /* Release */,
			);
			defaultConfigurationIsVisible = 0;
			defaultConfigurationName = Release;
		};
		BD2DFBC62BE7662C004BCB28 /* Build configuration list for PBXNativeTarget "WeSplit" */ = {
			isa = XCConfigurationList;
			buildConfigurations = (
				BD2DFBC72BE7662C004BCB28 /* Debug */,
				BD2DFBC82BE7662C004BCB28 /* Release */,
			);
			defaultConfigurationIsVisible = 0;
			defaultConfigurationName = Release;
		};
		BD2DFBC92BE7662C004BCB28 /* Build configuration list for PBXNativeTarget "WeSplitTests" */ = {
			isa = XCConfigurationList;
			buildConfigurations = (
				BD2DFBCA2BE7662C004BCB28 /* Debug */,
				BD2DFBCB2BE7662C004BCB28 /* Release */,
			);
			defaultConfigurationIsVisible = 0;
			defaultConfigurationName = Release;
		};
		BD2DFBCC2BE7662C004BCB28 /* Build configuration list for PBXNativeTarget "WeSplitUITests" */ = {
			isa = XCConfigurationList;
			buildConfigurations = (
				BD2DFBCD2BE7662C004BCB28 /* Debug */,
				BD2DFBCE2BE7662C004BCB28 /* Release */,
			);
			defaultConfigurationIsVisible = 0;
			defaultConfigurationName = Release;
		};
/* End XCConfigurationList section */
	};
	rootObject = BD2DFB9A2BE7662B004BCB28 /* Project object */;
}
